
Microsoft Visual Studio Solution File, Format Version 12.00
# Visual Studio Version 16
VisualStudioVersion = 16.0.32106.194
MinimumVisualStudioVersion = 10.0.40219.1
Project("{FAE04EC0-301F-11D3-BF4B-00C04F79EFBC}") = "ExcelGenerator", "ExcelGenerator\ExcelGenerator.csproj", "{1894FCD2-EAD3-4B0E-8192-1F294B15C1F1}"
EndProject
Global
	GlobalSection(SolutionConfigurationPlatforms) = preSolution
		Debug|Any CPU = Debug|Any CPU
		Release|Any CPU = Release|Any CPU
	EndGlobalSection
	GlobalSection(ProjectConfigurationPlatforms) = postSolution
		{1894FCD2-EAD3-4B0E-8192-1F294B15C1F1}.Debug|Any CPU.ActiveCfg = Debug|Any CPU
		{1894FCD2-EAD3-4B0E-8192-1F294B15C1F1}.Debug|Any CPU.Build.0 = Debug|Any CPU
		{1894FCD2-EAD3-4B0E-8192-1F294B15C1F1}.Release|Any CPU.ActiveCfg = Release|Any CPU
		{1894FCD2-EAD3-4B0E-8192-1F294B15C1F1}.Release|Any CPU.Build.0 = Release|Any CPU
	EndGlobalSection
	GlobalSection(SolutionProperties) = preSolution
		HideSolutionNode = FALSE
	EndGlobalSection
	GlobalSection(ExtensibilityGlobals) = postSolution
		SolutionGuid = {0B7C0D1A-D656-4E95-B4DC-011F025A42FC}
	EndGlobalSection
EndGlobal
